
Microsoft Visual Studio Solution File, Format Version 12.00
# Visual Studio 2012
Project("{FAE04EC0-301F-11D3-BF4B-00C04F79EFBC}") = "VDolgah", "VDolgah\VDolgah.csproj", "{76C61696-DA2A-44BD-9FAD-EB4ABB558EDC}"
EndProject
Project("{FAE04EC0-301F-11D3-BF4B-00C04F79EFBC}") = "VDolgah.Tests", "VDolgah.Tests\VDolgah.Tests.csproj", "{8E818A4B-7195-47DC-955C-8FFDE5184544}"
EndProject
Global
	GlobalSection(SolutionConfigurationPlatforms) = preSolution
		Debug|Any CPU = Debug|Any CPU
		Release|Any CPU = Release|Any CPU
	EndGlobalSection
	GlobalSection(ProjectConfigurationPlatforms) = postSolution
		{76C61696-DA2A-44BD-9FAD-EB4ABB558EDC}.Debug|Any CPU.ActiveCfg = Debug|Any CPU
		{76C61696-DA2A-44BD-9FAD-EB4ABB558EDC}.Debug|Any CPU.Build.0 = Debug|Any CPU
		{76C61696-DA2A-44BD-9FAD-EB4ABB558EDC}.Release|Any CPU.ActiveCfg = Release|Any CPU
		{76C61696-DA2A-44BD-9FAD-EB4ABB558EDC}.Release|Any CPU.Build.0 = Release|Any CPU
		{8E818A4B-7195-47DC-955C-8FFDE5184544}.Debug|Any CPU.ActiveCfg = Debug|Any CPU
		{8E818A4B-7195-47DC-955C-8FFDE5184544}.Debug|Any CPU.Build.0 = Debug|Any CPU
		{8E818A4B-7195-47DC-955C-8FFDE5184544}.Release|Any CPU.ActiveCfg = Release|Any CPU
		{8E818A4B-7195-47DC-955C-8FFDE5184544}.Release|Any CPU.Build.0 = Release|Any CPU
	EndGlobalSection
	GlobalSection(SolutionProperties) = preSolution
		HideSolutionNode = FALSE
	EndGlobalSection
EndGlobal
