
Microsoft Visual Studio Solution File, Format Version 12.00
# Visual Studio 2013
VisualStudioVersion = 12.0.30501.0
MinimumVisualStudioVersion = 10.0.40219.1
Project("{FAE04EC0-301F-11D3-BF4B-00C04F79EFBC}") = "VDolgah", "VDolgah\VDolgah.csproj", "{9CBA77FC-FF83-4A1B-88CE-8E5F222A555E}"
EndProject
Project("{FAE04EC0-301F-11D3-BF4B-00C04F79EFBC}") = "VDolgah.Tests", "VDolgah.Tests\VDolgah.Tests.csproj", "{52C399B2-6D18-4065-8E8D-1046DAE8430E}"
EndProject
Global
	GlobalSection(SolutionConfigurationPlatforms) = preSolution
		Debug|Any CPU = Debug|Any CPU
		Release|Any CPU = Release|Any CPU
	EndGlobalSection
	GlobalSection(ProjectConfigurationPlatforms) = postSolution
		{9CBA77FC-FF83-4A1B-88CE-8E5F222A555E}.Debug|Any CPU.ActiveCfg = Debug|Any CPU
		{9CBA77FC-FF83-4A1B-88CE-8E5F222A555E}.Debug|Any CPU.Build.0 = Debug|Any CPU
		{9CBA77FC-FF83-4A1B-88CE-8E5F222A555E}.Release|Any CPU.ActiveCfg = Release|Any CPU
		{9CBA77FC-FF83-4A1B-88CE-8E5F222A555E}.Release|Any CPU.Build.0 = Release|Any CPU
		{52C399B2-6D18-4065-8E8D-1046DAE8430E}.Debug|Any CPU.ActiveCfg = Debug|Any CPU
		{52C399B2-6D18-4065-8E8D-1046DAE8430E}.Debug|Any CPU.Build.0 = Debug|Any CPU
		{52C399B2-6D18-4065-8E8D-1046DAE8430E}.Release|Any CPU.ActiveCfg = Release|Any CPU
		{52C399B2-6D18-4065-8E8D-1046DAE8430E}.Release|Any CPU.Build.0 = Release|Any CPU
	EndGlobalSection
	GlobalSection(SolutionProperties) = preSolution
		HideSolutionNode = FALSE
	EndGlobalSection
EndGlobal
