
Microsoft Visual Studio Solution File, Format Version 12.00
# Visual Studio 2013
VisualStudioVersion = 12.0.30501.0
MinimumVisualStudioVersion = 10.0.40219.1
Project("{FAE04EC0-301F-11D3-BF4B-00C04F79EFBC}") = "masha1", "masha\masha1.csproj", "{DBBC7B03-1857-44A5-A37D-06112B24860D}"
EndProject
Project("{FAE04EC0-301F-11D3-BF4B-00C04F79EFBC}") = "masha2", "masha2\masha2.csproj", "{D71E339D-39CF-4690-A059-24FC49E705DE}"
EndProject
Global
	GlobalSection(SolutionConfigurationPlatforms) = preSolution
		Debug|Any CPU = Debug|Any CPU
		Release|Any CPU = Release|Any CPU
	EndGlobalSection
	GlobalSection(ProjectConfigurationPlatforms) = postSolution
		{DBBC7B03-1857-44A5-A37D-06112B24860D}.Debug|Any CPU.ActiveCfg = Debug|Any CPU
		{DBBC7B03-1857-44A5-A37D-06112B24860D}.Debug|Any CPU.Build.0 = Debug|Any CPU
		{DBBC7B03-1857-44A5-A37D-06112B24860D}.Release|Any CPU.ActiveCfg = Release|Any CPU
		{DBBC7B03-1857-44A5-A37D-06112B24860D}.Release|Any CPU.Build.0 = Release|Any CPU
		{D71E339D-39CF-4690-A059-24FC49E705DE}.Debug|Any CPU.ActiveCfg = Debug|Any CPU
		{D71E339D-39CF-4690-A059-24FC49E705DE}.Debug|Any CPU.Build.0 = Debug|Any CPU
		{D71E339D-39CF-4690-A059-24FC49E705DE}.Release|Any CPU.ActiveCfg = Release|Any CPU
		{D71E339D-39CF-4690-A059-24FC49E705DE}.Release|Any CPU.Build.0 = Release|Any CPU
	EndGlobalSection
	GlobalSection(SolutionProperties) = preSolution
		HideSolutionNode = FALSE
	EndGlobalSection
EndGlobal
